// !$*UTF8*$!
{
	archiveVersion = 1;
	classes = {
	};
	objectVersion = 46;
	objects = {

/* Begin PBXBuildFile section */
		962DC6721716260B00779437 /* Default-568h@2x.png in Resources */ = {isa = PBXBuildFile; fileRef = 962DC6711716260B00779437 /* Default-568h@2x.png */; };
		96622EE2171CB42200C13014 /* back-button.png in Resources */ = {isa = PBXBuildFile; fileRef = 96622EC2171CB42200C13014 /* back-button.png */; };
		96622EE3171CB42200C13014 /* back-button@2x.png in Resources */ = {isa = PBXBuildFile; fileRef = 96622EC3171CB42200C13014 /* back-button@2x.png */; };
		96622EE4171CB42200C13014 /* button-pressed.png in Resources */ = {isa = PBXBuildFile; fileRef = 96622EC4171CB42200C13014 /* button-pressed.png */; };
		96622EE5171CB42200C13014 /* button-pressed@2x.png in Resources */ = {isa = PBXBuildFile; fileRef = 96622EC5171CB42200C13014 /* button-pressed@2x.png */; };
		96622EE6171CB42200C13014 /* button.png in Resources */ = {isa = PBXBuildFile; fileRef = 96622EC6171CB42200C13014 /* button.png */; };
		96622EE7171CB42200C13014 /* button@2x.png in Resources */ = {isa = PBXBuildFile; fileRef = 96622EC7171CB42200C13014 /* button@2x.png */; };
		96622EEA171CB42200C13014 /* details-photo-mask.png in Resources */ = {isa = PBXBuildFile; fileRef = 96622ECA171CB42200C13014 /* details-photo-mask.png */; };
		96622EEB171CB42200C13014 /* details-photo-mask@2x.png in Resources */ = {isa = PBXBuildFile; fileRef = 96622ECB171CB42200C13014 /* details-photo-mask@2x.png */; };
		96622EEC171CB42200C13014 /* food-large.jpg in Resources */ = {isa = PBXBuildFile; fileRef = 96622ECC171CB42200C13014 /* food-large.jpg */; };
		96622EED171CB42200C13014 /* food.jpg in Resources */ = {isa = PBXBuildFile; fileRef = 96622ECD171CB42200C13014 /* food.jpg */; };
		96622EEE171CB42200C13014 /* ingredients-list.png in Resources */ = {isa = PBXBuildFile; fileRef = 96622ECE171CB42200C13014 /* ingredients-list.png */; };
		96622EEF171CB42200C13014 /* ingredients-list@2x.png in Resources */ = {isa = PBXBuildFile; fileRef = 96622ECF171CB42200C13014 /* ingredients-list@2x.png */; };
		96622EF0171CB42200C13014 /* input-text.png in Resources */ = {isa = PBXBuildFile; fileRef = 96622ED0171CB42200C13014 /* input-text.png */; };
		96622EF1171CB42200C13014 /* input-text@2x.png in Resources */ = {isa = PBXBuildFile; fileRef = 96622ED1171CB42200C13014 /* input-text@2x.png */; };
		96622EF2171CB42200C13014 /* leather-background.png in Resources */ = {isa = PBXBuildFile; fileRef = 96622ED2171CB42200C13014 /* leather-background.png */; };
		96622EF3171CB42200C13014 /* leather-background@2x.png in Resources */ = {isa = PBXBuildFile; fileRef = 96622ED3171CB42200C13014 /* leather-background@2x.png */; };
		96622EF4171CB42200C13014 /* list-item.png in Resources */ = {isa = PBXBuildFile; fileRef = 96622ED4171CB42200C13014 /* list-item.png */; };
		96622EF5171CB42200C13014 /* list-item@2x.png in Resources */ = {isa = PBXBuildFile; fileRef = 96622ED5171CB42200C13014 /* list-item@2x.png */; };
		96622EF6171CB42200C13014 /* list-mask.png in Resources */ = {isa = PBXBuildFile; fileRef = 96622ED6171CB42200C13014 /* list-mask.png */; };
		96622EF7171CB42200C13014 /* list-mask@2x.png in Resources */ = {isa = PBXBuildFile; fileRef = 96622ED7171CB42200C13014 /* list-mask@2x.png */; };
		96622EF8171CB42200C13014 /* navbar-icon.png in Resources */ = {isa = PBXBuildFile; fileRef = 96622ED8171CB42200C13014 /* navbar-icon.png */; };
		96622EF9171CB42200C13014 /* navbar-icon@2x.png in Resources */ = {isa = PBXBuildFile; fileRef = 96622ED9171CB42200C13014 /* navbar-icon@2x.png */; };
		96622EFA171CB42200C13014 /* navbar.png in Resources */ = {isa = PBXBuildFile; fileRef = 96622EDA171CB42200C13014 /* navbar.png */; };
		96622EFB171CB42200C13014 /* navbar@2x.png in Resources */ = {isa = PBXBuildFile; fileRef = 96622EDB171CB42200C13014 /* navbar@2x.png */; };
		96622EFC171CB42200C13014 /* step-bullet.png in Resources */ = {isa = PBXBuildFile; fileRef = 96622EDC171CB42200C13014 /* step-bullet.png */; };
		96622EFD171CB42200C13014 /* step-bullet@2x.png in Resources */ = {isa = PBXBuildFile; fileRef = 96622EDD171CB42200C13014 /* step-bullet@2x.png */; };
		96622EFE171CB42200C13014 /* tabbar-item.png in Resources */ = {isa = PBXBuildFile; fileRef = 96622EDE171CB42200C13014 /* tabbar-item.png */; };
		96622EFF171CB42200C13014 /* tabbar-item@2x.png in Resources */ = {isa = PBXBuildFile; fileRef = 96622EDF171CB42200C13014 /* tabbar-item@2x.png */; };
		96622F00171CB42200C13014 /* tabbar.png in Resources */ = {isa = PBXBuildFile; fileRef = 96622EE0171CB42200C13014 /* tabbar.png */; };
		96622F01171CB42200C13014 /* tabbar@2x.png in Resources */ = {isa = PBXBuildFile; fileRef = 96622EE1171CB42200C13014 /* tabbar@2x.png */; };
		96622F04171CBB9200C13014 /* rating.png in Resources */ = {isa = PBXBuildFile; fileRef = 96622F02171CBB9200C13014 /* rating.png */; };
		96622F05171CBB9200C13014 /* rating@2x.png in Resources */ = {isa = PBXBuildFile; fileRef = 96622F03171CBB9200C13014 /* rating@2x.png */; };
		96814A2B171611E30028E86C /* cheesy_icon.png in Resources */ = {isa = PBXBuildFile; fileRef = 96814A2A171611E30028E86C /* cheesy_icon.png */; };
		96814A2D171611F30028E86C /* cheesy_icon_@2x.png in Resources */ = {isa = PBXBuildFile; fileRef = 96814A2C171611F30028E86C /* cheesy_icon_@2x.png */; };
		96814A2F171624D40028E86C /* Default.png in Resources */ = {isa = PBXBuildFile; fileRef = 96814A2E171624D40028E86C /* Default.png */; };
		96814A31171625050028E86C /* Default@2x.png in Resources */ = {isa = PBXBuildFile; fileRef = 96814A30171625050028E86C /* Default@2x.png */; };
		96C79F2B19085D8D00E32CE7 /* dsym_upload.sh in Resources */ = {isa = PBXBuildFile; fileRef = 96C79F2919085D8D00E32CE7 /* dsym_upload.sh */; };
		96C79F2C19085D8D00E32CE7 /* libCrittercism_v4_3_3.a in Frameworks */ = {isa = PBXBuildFile; fileRef = 96C79F2A19085D8D00E32CE7 /* libCrittercism_v4_3_3.a */; };
		96C79F421908735100E32CE7 /* Parse.framework in Frameworks */ = {isa = PBXBuildFile; fileRef = 96C79F411908735100E32CE7 /* Parse.framework */; };
		96C79F441908736500E32CE7 /* UIKit.framework in Frameworks */ = {isa = PBXBuildFile; fileRef = 96C79F431908736500E32CE7 /* UIKit.framework */; };
		96C79F461908736F00E32CE7 /* Foundation.framework in Frameworks */ = {isa = PBXBuildFile; fileRef = 96C79F451908736F00E32CE7 /* Foundation.framework */; };
		96C79F481908737A00E32CE7 /* CoreData.framework in Frameworks */ = {isa = PBXBuildFile; fileRef = 96C79F471908737A00E32CE7 /* CoreData.framework */; };
		96C79F53190873B400E32CE7 /* AudioToolbox.framework in Frameworks */ = {isa = PBXBuildFile; fileRef = 96C79F49190873B400E32CE7 /* AudioToolbox.framework */; };
		96C79F54190873B400E32CE7 /* CFNetwork.framework in Frameworks */ = {isa = PBXBuildFile; fileRef = 96C79F4A190873B400E32CE7 /* CFNetwork.framework */; };
		96C79F55190873B400E32CE7 /* CoreGraphics.framework in Frameworks */ = {isa = PBXBuildFile; fileRef = 96C79F4B190873B400E32CE7 /* CoreGraphics.framework */; };
		96C79F56190873B400E32CE7 /* CoreLocation.framework in Frameworks */ = {isa = PBXBuildFile; fileRef = 96C79F4C190873B400E32CE7 /* CoreLocation.framework */; };
		96C79F57190873B400E32CE7 /* libz.dylib in Frameworks */ = {isa = PBXBuildFile; fileRef = 96C79F4D190873B400E32CE7 /* libz.dylib */; };
		96C79F58190873B400E32CE7 /* MobileCoreServices.framework in Frameworks */ = {isa = PBXBuildFile; fileRef = 96C79F4E190873B400E32CE7 /* MobileCoreServices.framework */; };
		96C79F59190873B400E32CE7 /* QuartzCore.framework in Frameworks */ = {isa = PBXBuildFile; fileRef = 96C79F4F190873B400E32CE7 /* QuartzCore.framework */; };
		96C79F5A190873B400E32CE7 /* Security.framework in Frameworks */ = {isa = PBXBuildFile; fileRef = 96C79F50190873B400E32CE7 /* Security.framework */; };
		96C79F5B190873B400E32CE7 /* StoreKit.framework in Frameworks */ = {isa = PBXBuildFile; fileRef = 96C79F51190873B400E32CE7 /* StoreKit.framework */; };
		96C79F5C190873B400E32CE7 /* SystemConfiguration.framework in Frameworks */ = {isa = PBXBuildFile; fileRef = 96C79F52190873B400E32CE7 /* SystemConfiguration.framework */; };
		96C79F5E1908751D00E32CE7 /* Twitter.framework in Frameworks */ = {isa = PBXBuildFile; fileRef = 96C79F5D1908751D00E32CE7 /* Twitter.framework */; };
		96C79F601908752300E32CE7 /* Accounts.framework in Frameworks */ = {isa = PBXBuildFile; fileRef = 96C79F5F1908752300E32CE7 /* Accounts.framework */; };
		96C79F62190875BB00E32CE7 /* MessageUI.framework in Frameworks */ = {isa = PBXBuildFile; fileRef = 96C79F61190875BB00E32CE7 /* MessageUI.framework */; };
		96C79F64190875C100E32CE7 /* Social.framework in Frameworks */ = {isa = PBXBuildFile; fileRef = 96C79F63190875C100E32CE7 /* Social.framework */; };
		96D9F6BF171E150200AEE24C /* Cheese.m in Sources */ = {isa = PBXBuildFile; fileRef = 96D9F6BE171E150200AEE24C /* Cheese.m */; };
		96DEB8BC171F525400B44337 /* CheesyLoginViewController.m in Sources */ = {isa = PBXBuildFile; fileRef = 96DEB8BB171F525400B44337 /* CheesyLoginViewController.m */; };
		96DEB8BE171F5B0400B44337 /* cheesy-logo.png in Resources */ = {isa = PBXBuildFile; fileRef = 96DEB8BD171F5B0400B44337 /* cheesy-logo.png */; };
		96E1DBFC170CBD8F00D9DA8F /* InfoPlist.strings in Resources */ = {isa = PBXBuildFile; fileRef = 96E1DBFA170CBD8F00D9DA8F /* InfoPlist.strings */; };
		96E1DBFE170CBD8F00D9DA8F /* main.m in Sources */ = {isa = PBXBuildFile; fileRef = 96E1DBFD170CBD8F00D9DA8F /* main.m */; };
		96E1DC02170CBD8F00D9DA8F /* CheesyAppDelegate.m in Sources */ = {isa = PBXBuildFile; fileRef = 96E1DC01170CBD8F00D9DA8F /* CheesyAppDelegate.m */; };
		96E1DC0B170CBD9000D9DA8F /* MainStoryboard.storyboard in Resources */ = {isa = PBXBuildFile; fileRef = 96E1DC09170CBD9000D9DA8F /* MainStoryboard.storyboard */; };
		96E1DC0E170CBD9000D9DA8F /* Cheesy.xcdatamodeld in Sources */ = {isa = PBXBuildFile; fileRef = 96E1DC0C170CBD9000D9DA8F /* Cheesy.xcdatamodeld */; };
		96E1DC11170CBD9000D9DA8F /* CheesyMasterViewController.m in Sources */ = {isa = PBXBuildFile; fileRef = 96E1DC10170CBD9000D9DA8F /* CheesyMasterViewController.m */; };
		96E1DC14170CBD9000D9DA8F /* CheesyDetailViewController.m in Sources */ = {isa = PBXBuildFile; fileRef = 96E1DC13170CBD9000D9DA8F /* CheesyDetailViewController.m */; };
		96E1DC1C170CBD9000D9DA8F /* SenTestingKit.framework in Frameworks */ = {isa = PBXBuildFile; fileRef = 96E1DC1B170CBD9000D9DA8F /* SenTestingKit.framework */; };
		96E1DC27170CBD9000D9DA8F /* InfoPlist.strings in Resources */ = {isa = PBXBuildFile; fileRef = 96E1DC25170CBD9000D9DA8F /* InfoPlist.strings */; };
		96E1DC2A170CBD9000D9DA8F /* CheesyTests.m in Sources */ = {isa = PBXBuildFile; fileRef = 96E1DC29170CBD9000D9DA8F /* CheesyTests.m */; };
		96E1DC84170E425600D9DA8F /* CheeseTasting.m in Sources */ = {isa = PBXBuildFile; fileRef = 96E1DC83170E425600D9DA8F /* CheeseTasting.m */; };
		96E1DC87170F961400D9DA8F /* AddTastingViewController.m in Sources */ = {isa = PBXBuildFile; fileRef = 96E1DC86170F961400D9DA8F /* AddTastingViewController.m */; };
/* End PBXBuildFile section */

/* Begin PBXContainerItemProxy section */
		96E1DC20170CBD9000D9DA8F /* PBXContainerItemProxy */ = {
			isa = PBXContainerItemProxy;
			containerPortal = 96E1DBE4170CBD8F00D9DA8F /* Project object */;
			proxyType = 1;
			remoteGlobalIDString = 96E1DBEB170CBD8F00D9DA8F;
			remoteInfo = Cheesy;
		};
/* End PBXContainerItemProxy section */

/* Begin PBXFileReference section */
		962DC6711716260B00779437 /* Default-568h@2x.png */ = {isa = PBXFileReference; lastKnownFileType = image.png; path = "Default-568h@2x.png"; sourceTree = "<group>"; };
		96622EC2171CB42200C13014 /* back-button.png */ = {isa = PBXFileReference; lastKnownFileType = image.png; path = "back-button.png"; sourceTree = "<group>"; };
		96622EC3171CB42200C13014 /* back-button@2x.png */ = {isa = PBXFileReference; lastKnownFileType = image.png; path = "back-button@2x.png"; sourceTree = "<group>"; };
		96622EC4171CB42200C13014 /* button-pressed.png */ = {isa = PBXFileReference; lastKnownFileType = image.png; path = "button-pressed.png"; sourceTree = "<group>"; };
		96622EC5171CB42200C13014 /* button-pressed@2x.png */ = {isa = PBXFileReference; lastKnownFileType = image.png; path = "button-pressed@2x.png"; sourceTree = "<group>"; };
		96622EC6171CB42200C13014 /* button.png */ = {isa = PBXFileReference; lastKnownFileType = image.png; path = button.png; sourceTree = "<group>"; };
		96622EC7171CB42200C13014 /* button@2x.png */ = {isa = PBXFileReference; lastKnownFileType = image.png; path = "button@2x.png"; sourceTree = "<group>"; };
		96622ECA171CB42200C13014 /* details-photo-mask.png */ = {isa = PBXFileReference; lastKnownFileType = image.png; path = "details-photo-mask.png"; sourceTree = "<group>"; };
		96622ECB171CB42200C13014 /* details-photo-mask@2x.png */ = {isa = PBXFileReference; lastKnownFileType = image.png; path = "details-photo-mask@2x.png"; sourceTree = "<group>"; };
		96622ECC171CB42200C13014 /* food-large.jpg */ = {isa = PBXFileReference; lastKnownFileType = image.jpeg; path = "food-large.jpg"; sourceTree = "<group>"; };
		96622ECD171CB42200C13014 /* food.jpg */ = {isa = PBXFileReference; lastKnownFileType = image.jpeg; path = food.jpg; sourceTree = "<group>"; };
		96622ECE171CB42200C13014 /* ingredients-list.png */ = {isa = PBXFileReference; lastKnownFileType = image.png; path = "ingredients-list.png"; sourceTree = "<group>"; };
		96622ECF171CB42200C13014 /* ingredients-list@2x.png */ = {isa = PBXFileReference; lastKnownFileType = image.png; path = "ingredients-list@2x.png"; sourceTree = "<group>"; };
		96622ED0171CB42200C13014 /* input-text.png */ = {isa = PBXFileReference; lastKnownFileType = image.png; path = "input-text.png"; sourceTree = "<group>"; };
		96622ED1171CB42200C13014 /* input-text@2x.png */ = {isa = PBXFileReference; lastKnownFileType = image.png; path = "input-text@2x.png"; sourceTree = "<group>"; };
		96622ED2171CB42200C13014 /* leather-background.png */ = {isa = PBXFileReference; lastKnownFileType = image.png; path = "leather-background.png"; sourceTree = "<group>"; };
		96622ED3171CB42200C13014 /* leather-background@2x.png */ = {isa = PBXFileReference; lastKnownFileType = image.png; path = "leather-background@2x.png"; sourceTree = "<group>"; };
		96622ED4171CB42200C13014 /* list-item.png */ = {isa = PBXFileReference; lastKnownFileType = image.png; path = "list-item.png"; sourceTree = "<group>"; };
		96622ED5171CB42200C13014 /* list-item@2x.png */ = {isa = PBXFileReference; lastKnownFileType = image.png; path = "list-item@2x.png"; sourceTree = "<group>"; };
		96622ED6171CB42200C13014 /* list-mask.png */ = {isa = PBXFileReference; lastKnownFileType = image.png; path = "list-mask.png"; sourceTree = "<group>"; };
		96622ED7171CB42200C13014 /* list-mask@2x.png */ = {isa = PBXFileReference; lastKnownFileType = image.png; path = "list-mask@2x.png"; sourceTree = "<group>"; };
		96622ED8171CB42200C13014 /* navbar-icon.png */ = {isa = PBXFileReference; lastKnownFileType = image.png; path = "navbar-icon.png"; sourceTree = "<group>"; };
		96622ED9171CB42200C13014 /* navbar-icon@2x.png */ = {isa = PBXFileReference; lastKnownFileType = image.png; path = "navbar-icon@2x.png"; sourceTree = "<group>"; };
		96622EDA171CB42200C13014 /* navbar.png */ = {isa = PBXFileReference; lastKnownFileType = image.png; path = navbar.png; sourceTree = "<group>"; };
		96622EDB171CB42200C13014 /* navbar@2x.png */ = {isa = PBXFileReference; lastKnownFileType = image.png; path = "navbar@2x.png"; sourceTree = "<group>"; };
		96622EDC171CB42200C13014 /* step-bullet.png */ = {isa = PBXFileReference; lastKnownFileType = image.png; path = "step-bullet.png"; sourceTree = "<group>"; };
		96622EDD171CB42200C13014 /* step-bullet@2x.png */ = {isa = PBXFileReference; lastKnownFileType = image.png; path = "step-bullet@2x.png"; sourceTree = "<group>"; };
		96622EDE171CB42200C13014 /* tabbar-item.png */ = {isa = PBXFileReference; lastKnownFileType = image.png; path = "tabbar-item.png"; sourceTree = "<group>"; };
		96622EDF171CB42200C13014 /* tabbar-item@2x.png */ = {isa = PBXFileReference; lastKnownFileType = image.png; path = "tabbar-item@2x.png"; sourceTree = "<group>"; };
		96622EE0171CB42200C13014 /* tabbar.png */ = {isa = PBXFileReference; lastKnownFileType = image.png; path = tabbar.png; sourceTree = "<group>"; };
		96622EE1171CB42200C13014 /* tabbar@2x.png */ = {isa = PBXFileReference; lastKnownFileType = image.png; path = "tabbar@2x.png"; sourceTree = "<group>"; };
		96622F02171CBB9200C13014 /* rating.png */ = {isa = PBXFileReference; lastKnownFileType = image.png; path = rating.png; sourceTree = "<group>"; };
		96622F03171CBB9200C13014 /* rating@2x.png */ = {isa = PBXFileReference; lastKnownFileType = image.png; path = "rating@2x.png"; sourceTree = "<group>"; };
		96814A2A171611E30028E86C /* cheesy_icon.png */ = {isa = PBXFileReference; lastKnownFileType = image.png; path = cheesy_icon.png; sourceTree = "<group>"; };
		96814A2C171611F30028E86C /* cheesy_icon_@2x.png */ = {isa = PBXFileReference; lastKnownFileType = image.png; path = "cheesy_icon_@2x.png"; sourceTree = "<group>"; };
		96814A2E171624D40028E86C /* Default.png */ = {isa = PBXFileReference; lastKnownFileType = image.png; path = Default.png; sourceTree = "<group>"; };
		96814A30171625050028E86C /* Default@2x.png */ = {isa = PBXFileReference; lastKnownFileType = image.png; path = "Default@2x.png"; sourceTree = "<group>"; };
		96C79F2619085D8D00E32CE7 /* CRFilter.h */ = {isa = PBXFileReference; fileEncoding = 4; lastKnownFileType = sourcecode.c.h; path = CRFilter.h; sourceTree = "<group>"; };
		96C79F2719085D8D00E32CE7 /* Crittercism.h */ = {isa = PBXFileReference; fileEncoding = 4; lastKnownFileType = sourcecode.c.h; path = Crittercism.h; sourceTree = "<group>"; };
		96C79F2819085D8D00E32CE7 /* CrittercismDelegate.h */ = {isa = PBXFileReference; fileEncoding = 4; lastKnownFileType = sourcecode.c.h; path = CrittercismDelegate.h; sourceTree = "<group>"; };
		96C79F2919085D8D00E32CE7 /* dsym_upload.sh */ = {isa = PBXFileReference; fileEncoding = 4; lastKnownFileType = text.script.sh; path = dsym_upload.sh; sourceTree = "<group>"; };
		96C79F2A19085D8D00E32CE7 /* libCrittercism_v4_3_3.a */ = {isa = PBXFileReference; lastKnownFileType = archive.ar; path = libCrittercism_v4_3_3.a; sourceTree = "<group>"; };
		96C79F411908735100E32CE7 /* Parse.framework */ = {isa = PBXFileReference; lastKnownFileType = wrapper.framework; path = Parse.framework; sourceTree = "<group>"; };
		96C79F431908736500E32CE7 /* UIKit.framework */ = {isa = PBXFileReference; lastKnownFileType = wrapper.framework; name = UIKit.framework; path = System/Library/Frameworks/UIKit.framework; sourceTree = SDKROOT; };
		96C79F451908736F00E32CE7 /* Foundation.framework */ = {isa = PBXFileReference; lastKnownFileType = wrapper.framework; name = Foundation.framework; path = System/Library/Frameworks/Foundation.framework; sourceTree = SDKROOT; };
		96C79F471908737A00E32CE7 /* CoreData.framework */ = {isa = PBXFileReference; lastKnownFileType = wrapper.framework; name = CoreData.framework; path = System/Library/Frameworks/CoreData.framework; sourceTree = SDKROOT; };
		96C79F49190873B400E32CE7 /* AudioToolbox.framework */ = {isa = PBXFileReference; lastKnownFileType = wrapper.framework; name = AudioToolbox.framework; path = System/Library/Frameworks/AudioToolbox.framework; sourceTree = SDKROOT; };
		96C79F4A190873B400E32CE7 /* CFNetwork.framework */ = {isa = PBXFileReference; lastKnownFileType = wrapper.framework; name = CFNetwork.framework; path = System/Library/Frameworks/CFNetwork.framework; sourceTree = SDKROOT; };
		96C79F4B190873B400E32CE7 /* CoreGraphics.framework */ = {isa = PBXFileReference; lastKnownFileType = wrapper.framework; name = CoreGraphics.framework; path = System/Library/Frameworks/CoreGraphics.framework; sourceTree = SDKROOT; };
		96C79F4C190873B400E32CE7 /* CoreLocation.framework */ = {isa = PBXFileReference; lastKnownFileType = wrapper.framework; name = CoreLocation.framework; path = System/Library/Frameworks/CoreLocation.framework; sourceTree = SDKROOT; };
		96C79F4D190873B400E32CE7 /* libz.dylib */ = {isa = PBXFileReference; lastKnownFileType = "compiled.mach-o.dylib"; name = libz.dylib; path = usr/lib/libz.dylib; sourceTree = SDKROOT; };
		96C79F4E190873B400E32CE7 /* MobileCoreServices.framework */ = {isa = PBXFileReference; lastKnownFileType = wrapper.framework; name = MobileCoreServices.framework; path = System/Library/Frameworks/MobileCoreServices.framework; sourceTree = SDKROOT; };
		96C79F4F190873B400E32CE7 /* QuartzCore.framework */ = {isa = PBXFileReference; lastKnownFileType = wrapper.framework; name = QuartzCore.framework; path = System/Library/Frameworks/QuartzCore.framework; sourceTree = SDKROOT; };
		96C79F50190873B400E32CE7 /* Security.framework */ = {isa = PBXFileReference; lastKnownFileType = wrapper.framework; name = Security.framework; path = System/Library/Frameworks/Security.framework; sourceTree = SDKROOT; };
		96C79F51190873B400E32CE7 /* StoreKit.framework */ = {isa = PBXFileReference; lastKnownFileType = wrapper.framework; name = StoreKit.framework; path = System/Library/Frameworks/StoreKit.framework; sourceTree = SDKROOT; };
		96C79F52190873B400E32CE7 /* SystemConfiguration.framework */ = {isa = PBXFileReference; lastKnownFileType = wrapper.framework; name = SystemConfiguration.framework; path = System/Library/Frameworks/SystemConfiguration.framework; sourceTree = SDKROOT; };
		96C79F5D1908751D00E32CE7 /* Twitter.framework */ = {isa = PBXFileReference; lastKnownFileType = wrapper.framework; name = Twitter.framework; path = System/Library/Frameworks/Twitter.framework; sourceTree = SDKROOT; };
		96C79F5F1908752300E32CE7 /* Accounts.framework */ = {isa = PBXFileReference; lastKnownFileType = wrapper.framework; name = Accounts.framework; path = System/Library/Frameworks/Accounts.framework; sourceTree = SDKROOT; };
		96C79F61190875BB00E32CE7 /* MessageUI.framework */ = {isa = PBXFileReference; lastKnownFileType = wrapper.framework; name = MessageUI.framework; path = System/Library/Frameworks/MessageUI.framework; sourceTree = SDKROOT; };
		96C79F63190875C100E32CE7 /* Social.framework */ = {isa = PBXFileReference; lastKnownFileType = wrapper.framework; name = Social.framework; path = System/Library/Frameworks/Social.framework; sourceTree = SDKROOT; };
		96D9F6BD171E150200AEE24C /* Cheese.h */ = {isa = PBXFileReference; fileEncoding = 4; lastKnownFileType = sourcecode.c.h; path = Cheese.h; sourceTree = "<group>"; };
		96D9F6BE171E150200AEE24C /* Cheese.m */ = {isa = PBXFileReference; fileEncoding = 4; lastKnownFileType = sourcecode.c.objc; path = Cheese.m; sourceTree = "<group>"; };
		96DEB8BA171F525400B44337 /* CheesyLoginViewController.h */ = {isa = PBXFileReference; fileEncoding = 4; lastKnownFileType = sourcecode.c.h; path = CheesyLoginViewController.h; sourceTree = SOURCE_ROOT; };
		96DEB8BB171F525400B44337 /* CheesyLoginViewController.m */ = {isa = PBXFileReference; fileEncoding = 4; lastKnownFileType = sourcecode.c.objc; path = CheesyLoginViewController.m; sourceTree = SOURCE_ROOT; };
		96DEB8BD171F5B0400B44337 /* cheesy-logo.png */ = {isa = PBXFileReference; lastKnownFileType = image.png; name = "cheesy-logo.png"; path = "Resources/cheesy-logo.png"; sourceTree = SOURCE_ROOT; };
		96E1DBEC170CBD8F00D9DA8F /* Cheesy.app */ = {isa = PBXFileReference; explicitFileType = wrapper.application; includeInIndex = 0; path = Cheesy.app; sourceTree = BUILT_PRODUCTS_DIR; };
		96E1DBF9170CBD8F00D9DA8F /* Cheesy-Info.plist */ = {isa = PBXFileReference; lastKnownFileType = text.plist.xml; path = "Cheesy-Info.plist"; sourceTree = "<group>"; };
		96E1DBFB170CBD8F00D9DA8F /* en */ = {isa = PBXFileReference; lastKnownFileType = text.plist.strings; name = en; path = en.lproj/InfoPlist.strings; sourceTree = "<group>"; };
		96E1DBFD170CBD8F00D9DA8F /* main.m */ = {isa = PBXFileReference; lastKnownFileType = sourcecode.c.objc; path = main.m; sourceTree = "<group>"; };
		96E1DBFF170CBD8F00D9DA8F /* Cheesy-Prefix.pch */ = {isa = PBXFileReference; lastKnownFileType = sourcecode.c.h; path = "Cheesy-Prefix.pch"; sourceTree = "<group>"; };
		96E1DC00170CBD8F00D9DA8F /* CheesyAppDelegate.h */ = {isa = PBXFileReference; lastKnownFileType = sourcecode.c.h; path = CheesyAppDelegate.h; sourceTree = "<group>"; };
		96E1DC01170CBD8F00D9DA8F /* CheesyAppDelegate.m */ = {isa = PBXFileReference; lastKnownFileType = sourcecode.c.objc; path = CheesyAppDelegate.m; sourceTree = "<group>"; };
		96E1DC03170CBD9000D9DA8F /* Default.png */ = {isa = PBXFileReference; lastKnownFileType = image.png; path = Default.png; sourceTree = "<group>"; };
		96E1DC05170CBD9000D9DA8F /* Default@2x.png */ = {isa = PBXFileReference; lastKnownFileType = image.png; path = "Default@2x.png"; sourceTree = "<group>"; };
		96E1DC07170CBD9000D9DA8F /* Default-568h@2x.png */ = {isa = PBXFileReference; lastKnownFileType = image.png; path = "Default-568h@2x.png"; sourceTree = "<group>"; };
		96E1DC0A170CBD9000D9DA8F /* en */ = {isa = PBXFileReference; lastKnownFileType = file.storyboard; name = en; path = en.lproj/MainStoryboard.storyboard; sourceTree = "<group>"; };
		96E1DC0D170CBD9000D9DA8F /* Cheesy.xcdatamodel */ = {isa = PBXFileReference; lastKnownFileType = wrapper.xcdatamodel; path = Cheesy.xcdatamodel; sourceTree = "<group>"; };
		96E1DC0F170CBD9000D9DA8F /* CheesyMasterViewController.h */ = {isa = PBXFileReference; lastKnownFileType = sourcecode.c.h; path = CheesyMasterViewController.h; sourceTree = "<group>"; };
		96E1DC10170CBD9000D9DA8F /* CheesyMasterViewController.m */ = {isa = PBXFileReference; lastKnownFileType = sourcecode.c.objc; path = CheesyMasterViewController.m; sourceTree = "<group>"; };
		96E1DC12170CBD9000D9DA8F /* CheesyDetailViewController.h */ = {isa = PBXFileReference; lastKnownFileType = sourcecode.c.h; path = CheesyDetailViewController.h; sourceTree = "<group>"; };
		96E1DC13170CBD9000D9DA8F /* CheesyDetailViewController.m */ = {isa = PBXFileReference; lastKnownFileType = sourcecode.c.objc; path = CheesyDetailViewController.m; sourceTree = "<group>"; };
		96E1DC1A170CBD9000D9DA8F /* CheesyTests.octest */ = {isa = PBXFileReference; explicitFileType = wrapper.cfbundle; includeInIndex = 0; path = CheesyTests.octest; sourceTree = BUILT_PRODUCTS_DIR; };
		96E1DC1B170CBD9000D9DA8F /* SenTestingKit.framework */ = {isa = PBXFileReference; lastKnownFileType = wrapper.framework; name = SenTestingKit.framework; path = Library/Frameworks/SenTestingKit.framework; sourceTree = DEVELOPER_DIR; };
		96E1DC24170CBD9000D9DA8F /* CheesyTests-Info.plist */ = {isa = PBXFileReference; lastKnownFileType = text.plist.xml; path = "CheesyTests-Info.plist"; sourceTree = "<group>"; };
		96E1DC26170CBD9000D9DA8F /* en */ = {isa = PBXFileReference; lastKnownFileType = text.plist.strings; name = en; path = en.lproj/InfoPlist.strings; sourceTree = "<group>"; };
		96E1DC28170CBD9000D9DA8F /* CheesyTests.h */ = {isa = PBXFileReference; lastKnownFileType = sourcecode.c.h; path = CheesyTests.h; sourceTree = "<group>"; };
		96E1DC29170CBD9000D9DA8F /* CheesyTests.m */ = {isa = PBXFileReference; lastKnownFileType = sourcecode.c.objc; path = CheesyTests.m; sourceTree = "<group>"; };
		96E1DC82170E425600D9DA8F /* CheeseTasting.h */ = {isa = PBXFileReference; fileEncoding = 4; lastKnownFileType = sourcecode.c.h; path = CheeseTasting.h; sourceTree = "<group>"; };
		96E1DC83170E425600D9DA8F /* CheeseTasting.m */ = {isa = PBXFileReference; fileEncoding = 4; lastKnownFileType = sourcecode.c.objc; path = CheeseTasting.m; sourceTree = "<group>"; };
		96E1DC85170F961400D9DA8F /* AddTastingViewController.h */ = {isa = PBXFileReference; fileEncoding = 4; lastKnownFileType = sourcecode.c.h; path = AddTastingViewController.h; sourceTree = "<group>"; };
		96E1DC86170F961400D9DA8F /* AddTastingViewController.m */ = {isa = PBXFileReference; fileEncoding = 4; lastKnownFileType = sourcecode.c.objc; path = AddTastingViewController.m; sourceTree = "<group>"; };
/* End PBXFileReference section */

/* Begin PBXFrameworksBuildPhase section */
		96E1DBE9170CBD8F00D9DA8F /* Frameworks */ = {
			isa = PBXFrameworksBuildPhase;
			buildActionMask = 2147483647;
			files = (
				96C79F64190875C100E32CE7 /* Social.framework in Frameworks */,
				96C79F62190875BB00E32CE7 /* MessageUI.framework in Frameworks */,
				96C79F601908752300E32CE7 /* Accounts.framework in Frameworks */,
				96C79F5E1908751D00E32CE7 /* Twitter.framework in Frameworks */,
				96C79F53190873B400E32CE7 /* AudioToolbox.framework in Frameworks */,
				96C79F54190873B400E32CE7 /* CFNetwork.framework in Frameworks */,
				96C79F55190873B400E32CE7 /* CoreGraphics.framework in Frameworks */,
				96C79F56190873B400E32CE7 /* CoreLocation.framework in Frameworks */,
				96C79F57190873B400E32CE7 /* libz.dylib in Frameworks */,
				96C79F58190873B400E32CE7 /* MobileCoreServices.framework in Frameworks */,
				96C79F59190873B400E32CE7 /* QuartzCore.framework in Frameworks */,
				96C79F5A190873B400E32CE7 /* Security.framework in Frameworks */,
				96C79F5B190873B400E32CE7 /* StoreKit.framework in Frameworks */,
				96C79F5C190873B400E32CE7 /* SystemConfiguration.framework in Frameworks */,
				96C79F481908737A00E32CE7 /* CoreData.framework in Frameworks */,
				96C79F461908736F00E32CE7 /* Foundation.framework in Frameworks */,
				96C79F441908736500E32CE7 /* UIKit.framework in Frameworks */,
				96C79F421908735100E32CE7 /* Parse.framework in Frameworks */,
				96C79F2C19085D8D00E32CE7 /* libCrittercism_v4_3_3.a in Frameworks */,
			);
			runOnlyForDeploymentPostprocessing = 0;
		};
		96E1DC16170CBD9000D9DA8F /* Frameworks */ = {
			isa = PBXFrameworksBuildPhase;
			buildActionMask = 2147483647;
			files = (
				96E1DC1C170CBD9000D9DA8F /* SenTestingKit.framework in Frameworks */,
			);
			runOnlyForDeploymentPostprocessing = 0;
		};
/* End PBXFrameworksBuildPhase section */

/* Begin PBXGroup section */
		96622EC1171CB42200C13014 /* Resources */ = {
			isa = PBXGroup;
			children = (
				96622EC2171CB42200C13014 /* back-button.png */,
				96622EC3171CB42200C13014 /* back-button@2x.png */,
				96622EC4171CB42200C13014 /* button-pressed.png */,
				96622EC5171CB42200C13014 /* button-pressed@2x.png */,
				96622EC6171CB42200C13014 /* button.png */,
				96622EC7171CB42200C13014 /* button@2x.png */,
				96DEB8BD171F5B0400B44337 /* cheesy-logo.png */,
				96622F02171CBB9200C13014 /* rating.png */,
				96622F03171CBB9200C13014 /* rating@2x.png */,
				96622ECA171CB42200C13014 /* details-photo-mask.png */,
				96622ECB171CB42200C13014 /* details-photo-mask@2x.png */,
				96622ECC171CB42200C13014 /* food-large.jpg */,
				96622ECD171CB42200C13014 /* food.jpg */,
				96622ECE171CB42200C13014 /* ingredients-list.png */,
				96622ECF171CB42200C13014 /* ingredients-list@2x.png */,
				96622ED0171CB42200C13014 /* input-text.png */,
				96622ED1171CB42200C13014 /* input-text@2x.png */,
				96622ED2171CB42200C13014 /* leather-background.png */,
				96622ED3171CB42200C13014 /* leather-background@2x.png */,
				96622ED4171CB42200C13014 /* list-item.png */,
				96622ED5171CB42200C13014 /* list-item@2x.png */,
				96622ED6171CB42200C13014 /* list-mask.png */,
				96622ED7171CB42200C13014 /* list-mask@2x.png */,
				96622ED8171CB42200C13014 /* navbar-icon.png */,
				96622ED9171CB42200C13014 /* navbar-icon@2x.png */,
				96622EDA171CB42200C13014 /* navbar.png */,
				96622EDB171CB42200C13014 /* navbar@2x.png */,
				96622EDC171CB42200C13014 /* step-bullet.png */,
				96622EDD171CB42200C13014 /* step-bullet@2x.png */,
				96622EDE171CB42200C13014 /* tabbar-item.png */,
				96622EDF171CB42200C13014 /* tabbar-item@2x.png */,
				96622EE0171CB42200C13014 /* tabbar.png */,
				96622EE1171CB42200C13014 /* tabbar@2x.png */,
			);
			path = Resources;
			sourceTree = SOURCE_ROOT;
		};
		96C79F2519085D8D00E32CE7 /* CrittercismSDK */ = {
			isa = PBXGroup;
			children = (
				96C79F2619085D8D00E32CE7 /* CRFilter.h */,
				96C79F2719085D8D00E32CE7 /* Crittercism.h */,
				96C79F2819085D8D00E32CE7 /* CrittercismDelegate.h */,
				96C79F2919085D8D00E32CE7 /* dsym_upload.sh */,
				96C79F2A19085D8D00E32CE7 /* libCrittercism_v4_3_3.a */,
			);
			path = CrittercismSDK;
			sourceTree = "<group>";
		};
		96E1DBE3170CBD8F00D9DA8F = {
			isa = PBXGroup;
			children = (
				962DC6711716260B00779437 /* Default-568h@2x.png */,
				96814A30171625050028E86C /* Default@2x.png */,
				96814A2E171624D40028E86C /* Default.png */,
				96814A2C171611F30028E86C /* cheesy_icon_@2x.png */,
				96814A2A171611E30028E86C /* cheesy_icon.png */,
				96E1DBF7170CBD8F00D9DA8F /* Cheesy */,
				96E1DC22170CBD9000D9DA8F /* CheesyTests */,
				96622EC1171CB42200C13014 /* Resources */,
				96E1DBEE170CBD8F00D9DA8F /* Frameworks */,
				96E1DBED170CBD8F00D9DA8F /* Products */,
			);
			sourceTree = "<group>";
		};
		96E1DBED170CBD8F00D9DA8F /* Products */ = {
			isa = PBXGroup;
			children = (
				96E1DBEC170CBD8F00D9DA8F /* Cheesy.app */,
				96E1DC1A170CBD9000D9DA8F /* CheesyTests.octest */,
			);
			name = Products;
			sourceTree = "<group>";
		};
		96E1DBEE170CBD8F00D9DA8F /* Frameworks */ = {
			isa = PBXGroup;
			children = (
				96C79F63190875C100E32CE7 /* Social.framework */,
				96C79F61190875BB00E32CE7 /* MessageUI.framework */,
				96C79F5F1908752300E32CE7 /* Accounts.framework */,
				96C79F5D1908751D00E32CE7 /* Twitter.framework */,
				96C79F49190873B400E32CE7 /* AudioToolbox.framework */,
				96C79F4A190873B400E32CE7 /* CFNetwork.framework */,
				96C79F4B190873B400E32CE7 /* CoreGraphics.framework */,
				96C79F4C190873B400E32CE7 /* CoreLocation.framework */,
				96C79F4D190873B400E32CE7 /* libz.dylib */,
				96C79F4E190873B400E32CE7 /* MobileCoreServices.framework */,
				96C79F4F190873B400E32CE7 /* QuartzCore.framework */,
				96C79F50190873B400E32CE7 /* Security.framework */,
				96C79F51190873B400E32CE7 /* StoreKit.framework */,
				96C79F52190873B400E32CE7 /* SystemConfiguration.framework */,
				96C79F471908737A00E32CE7 /* CoreData.framework */,
				96C79F451908736F00E32CE7 /* Foundation.framework */,
				96C79F431908736500E32CE7 /* UIKit.framework */,
				96C79F411908735100E32CE7 /* Parse.framework */,
				96C79F2519085D8D00E32CE7 /* CrittercismSDK */,
				96E1DC1B170CBD9000D9DA8F /* SenTestingKit.framework */,
			);
			name = Frameworks;
			sourceTree = "<group>";
		};
		96E1DBF7170CBD8F00D9DA8F /* Cheesy */ = {
			isa = PBXGroup;
			children = (
				96E1DC00170CBD8F00D9DA8F /* CheesyAppDelegate.h */,
				96E1DC01170CBD8F00D9DA8F /* CheesyAppDelegate.m */,
				96E1DC09170CBD9000D9DA8F /* MainStoryboard.storyboard */,
				96E1DC0F170CBD9000D9DA8F /* CheesyMasterViewController.h */,
				96E1DC10170CBD9000D9DA8F /* CheesyMasterViewController.m */,
				96DEB8BA171F525400B44337 /* CheesyLoginViewController.h */,
				96DEB8BB171F525400B44337 /* CheesyLoginViewController.m */,
				96E1DC85170F961400D9DA8F /* AddTastingViewController.h */,
				96E1DC86170F961400D9DA8F /* AddTastingViewController.m */,
				96E1DC12170CBD9000D9DA8F /* CheesyDetailViewController.h */,
				96E1DC13170CBD9000D9DA8F /* CheesyDetailViewController.m */,
				96E1DC82170E425600D9DA8F /* CheeseTasting.h */,
				96E1DC83170E425600D9DA8F /* CheeseTasting.m */,
				96D9F6BD171E150200AEE24C /* Cheese.h */,
				96D9F6BE171E150200AEE24C /* Cheese.m */,
				96E1DC0C170CBD9000D9DA8F /* Cheesy.xcdatamodeld */,
				96E1DBF8170CBD8F00D9DA8F /* Supporting Files */,
			);
			path = Cheesy;
			sourceTree = "<group>";
		};
		96E1DBF8170CBD8F00D9DA8F /* Supporting Files */ = {
			isa = PBXGroup;
			children = (
				96E1DBF9170CBD8F00D9DA8F /* Cheesy-Info.plist */,
				96E1DBFA170CBD8F00D9DA8F /* InfoPlist.strings */,
				96E1DBFD170CBD8F00D9DA8F /* main.m */,
				96E1DBFF170CBD8F00D9DA8F /* Cheesy-Prefix.pch */,
				96E1DC03170CBD9000D9DA8F /* Default.png */,
				96E1DC05170CBD9000D9DA8F /* Default@2x.png */,
				96E1DC07170CBD9000D9DA8F /* Default-568h@2x.png */,
			);
			name = "Supporting Files";
			sourceTree = "<group>";
		};
		96E1DC22170CBD9000D9DA8F /* CheesyTests */ = {
			isa = PBXGroup;
			children = (
				96E1DC28170CBD9000D9DA8F /* CheesyTests.h */,
				96E1DC29170CBD9000D9DA8F /* CheesyTests.m */,
				96E1DC23170CBD9000D9DA8F /* Supporting Files */,
			);
			path = CheesyTests;
			sourceTree = "<group>";
		};
		96E1DC23170CBD9000D9DA8F /* Supporting Files */ = {
			isa = PBXGroup;
			children = (
				96E1DC24170CBD9000D9DA8F /* CheesyTests-Info.plist */,
				96E1DC25170CBD9000D9DA8F /* InfoPlist.strings */,
			);
			name = "Supporting Files";
			sourceTree = "<group>";
		};
/* End PBXGroup section */

/* Begin PBXNativeTarget section */
		96E1DBEB170CBD8F00D9DA8F /* Cheesy */ = {
			isa = PBXNativeTarget;
			buildConfigurationList = 96E1DC2D170CBD9000D9DA8F /* Build configuration list for PBXNativeTarget "Cheesy" */;
			buildPhases = (
				96E1DBE8170CBD8F00D9DA8F /* Sources */,
				96E1DBE9170CBD8F00D9DA8F /* Frameworks */,
				96E1DBEA170CBD8F00D9DA8F /* Resources */,
			);
			buildRules = (
			);
			dependencies = (
			);
			name = Cheesy;
			productName = Cheesy;
			productReference = 96E1DBEC170CBD8F00D9DA8F /* Cheesy.app */;
			productType = "com.apple.product-type.application";
		};
		96E1DC19170CBD9000D9DA8F /* CheesyTests */ = {
			isa = PBXNativeTarget;
			buildConfigurationList = 96E1DC30170CBD9000D9DA8F /* Build configuration list for PBXNativeTarget "CheesyTests" */;
			buildPhases = (
				96E1DC15170CBD9000D9DA8F /* Sources */,
				96E1DC16170CBD9000D9DA8F /* Frameworks */,
				96E1DC17170CBD9000D9DA8F /* Resources */,
				96E1DC18170CBD9000D9DA8F /* ShellScript */,
			);
			buildRules = (
			);
			dependencies = (
				96E1DC21170CBD9000D9DA8F /* PBXTargetDependency */,
			);
			name = CheesyTests;
			productName = CheesyTests;
			productReference = 96E1DC1A170CBD9000D9DA8F /* CheesyTests.octest */;
			productType = "com.apple.product-type.bundle";
		};
/* End PBXNativeTarget section */

/* Begin PBXProject section */
		96E1DBE4170CBD8F00D9DA8F /* Project object */ = {
			isa = PBXProject;
			attributes = {
				CLASSPREFIX = Cheesy;
				LastTestingUpgradeCheck = 0510;
				LastUpgradeCheck = 0460;
				ORGANIZATIONNAME = "Andy Vitus";
				TargetAttributes = {
					96E1DBEB170CBD8F00D9DA8F = {
						DevelopmentTeam = 9UW358LB5Z;
					};
				};
			};
			buildConfigurationList = 96E1DBE7170CBD8F00D9DA8F /* Build configuration list for PBXProject "Cheesy" */;
			compatibilityVersion = "Xcode 3.2";
			developmentRegion = English;
			hasScannedForEncodings = 0;
			knownRegions = (
				en,
			);
			mainGroup = 96E1DBE3170CBD8F00D9DA8F;
			productRefGroup = 96E1DBED170CBD8F00D9DA8F /* Products */;
			projectDirPath = "";
			projectRoot = "";
			targets = (
				96E1DBEB170CBD8F00D9DA8F /* Cheesy */,
				96E1DC19170CBD9000D9DA8F /* CheesyTests */,
			);
		};
/* End PBXProject section */

/* Begin PBXResourcesBuildPhase section */
		96E1DBEA170CBD8F00D9DA8F /* Resources */ = {
			isa = PBXResourcesBuildPhase;
			buildActionMask = 2147483647;
			files = (
				96E1DBFC170CBD8F00D9DA8F /* InfoPlist.strings in Resources */,
				96E1DC0B170CBD9000D9DA8F /* MainStoryboard.storyboard in Resources */,
				96814A2B171611E30028E86C /* cheesy_icon.png in Resources */,
				96814A2D171611F30028E86C /* cheesy_icon_@2x.png in Resources */,
				96814A2F171624D40028E86C /* Default.png in Resources */,
				96814A31171625050028E86C /* Default@2x.png in Resources */,
				962DC6721716260B00779437 /* Default-568h@2x.png in Resources */,
				96622EE2171CB42200C13014 /* back-button.png in Resources */,
				96622EE3171CB42200C13014 /* back-button@2x.png in Resources */,
				96622EE4171CB42200C13014 /* button-pressed.png in Resources */,
				96622EE5171CB42200C13014 /* button-pressed@2x.png in Resources */,
				96622EE6171CB42200C13014 /* button.png in Resources */,
				96622EE7171CB42200C13014 /* button@2x.png in Resources */,
				96622EEA171CB42200C13014 /* details-photo-mask.png in Resources */,
				96622EEB171CB42200C13014 /* details-photo-mask@2x.png in Resources */,
				96622EEC171CB42200C13014 /* food-large.jpg in Resources */,
				96622EED171CB42200C13014 /* food.jpg in Resources */,
				96622EEE171CB42200C13014 /* ingredients-list.png in Resources */,
				96622EEF171CB42200C13014 /* ingredients-list@2x.png in Resources */,
				96622EF0171CB42200C13014 /* input-text.png in Resources */,
				96622EF1171CB42200C13014 /* input-text@2x.png in Resources */,
				96622EF2171CB42200C13014 /* leather-background.png in Resources */,
				96622EF3171CB42200C13014 /* leather-background@2x.png in Resources */,
				96622EF4171CB42200C13014 /* list-item.png in Resources */,
				96622EF5171CB42200C13014 /* list-item@2x.png in Resources */,
				96622EF6171CB42200C13014 /* list-mask.png in Resources */,
				96622EF7171CB42200C13014 /* list-mask@2x.png in Resources */,
				96622EF8171CB42200C13014 /* navbar-icon.png in Resources */,
				96622EF9171CB42200C13014 /* navbar-icon@2x.png in Resources */,
				96622EFA171CB42200C13014 /* navbar.png in Resources */,
				96622EFB171CB42200C13014 /* navbar@2x.png in Resources */,
				96622EFC171CB42200C13014 /* step-bullet.png in Resources */,
				96622EFD171CB42200C13014 /* step-bullet@2x.png in Resources */,
				96622EFE171CB42200C13014 /* tabbar-item.png in Resources */,
				96622EFF171CB42200C13014 /* tabbar-item@2x.png in Resources */,
				96622F00171CB42200C13014 /* tabbar.png in Resources */,
				96622F01171CB42200C13014 /* tabbar@2x.png in Resources */,
				96622F04171CBB9200C13014 /* rating.png in Resources */,
				96C79F2B19085D8D00E32CE7 /* dsym_upload.sh in Resources */,
				96622F05171CBB9200C13014 /* rating@2x.png in Resources */,
				96DEB8BE171F5B0400B44337 /* cheesy-logo.png in Resources */,
			);
			runOnlyForDeploymentPostprocessing = 0;
		};
		96E1DC17170CBD9000D9DA8F /* Resources */ = {
			isa = PBXResourcesBuildPhase;
			buildActionMask = 2147483647;
			files = (
				96E1DC27170CBD9000D9DA8F /* InfoPlist.strings in Resources */,
			);
			runOnlyForDeploymentPostprocessing = 0;
		};
/* End PBXResourcesBuildPhase section */

/* Begin PBXShellScriptBuildPhase section */
		96E1DC18170CBD9000D9DA8F /* ShellScript */ = {
			isa = PBXShellScriptBuildPhase;
			buildActionMask = 2147483647;
			files = (
			);
			inputPaths = (
			);
			outputPaths = (
			);
			runOnlyForDeploymentPostprocessing = 0;
			shellPath = /bin/sh;
			shellScript = "# Run the unit tests in this test bundle.\n\"${SYSTEM_DEVELOPER_DIR}/Tools/RunUnitTests\"\n";
		};
/* End PBXShellScriptBuildPhase section */

/* Begin PBXSourcesBuildPhase section */
		96E1DBE8170CBD8F00D9DA8F /* Sources */ = {
			isa = PBXSourcesBuildPhase;
			buildActionMask = 2147483647;
			files = (
				96E1DBFE170CBD8F00D9DA8F /* main.m in Sources */,
				96E1DC02170CBD8F00D9DA8F /* CheesyAppDelegate.m in Sources */,
				96E1DC0E170CBD9000D9DA8F /* Cheesy.xcdatamodeld in Sources */,
				96E1DC11170CBD9000D9DA8F /* CheesyMasterViewController.m in Sources */,
				96E1DC14170CBD9000D9DA8F /* CheesyDetailViewController.m in Sources */,
				96E1DC84170E425600D9DA8F /* CheeseTasting.m in Sources */,
				96E1DC87170F961400D9DA8F /* AddTastingViewController.m in Sources */,
				96D9F6BF171E150200AEE24C /* Cheese.m in Sources */,
				96DEB8BC171F525400B44337 /* CheesyLoginViewController.m in Sources */,
			);
			runOnlyForDeploymentPostprocessing = 0;
		};
		96E1DC15170CBD9000D9DA8F /* Sources */ = {
			isa = PBXSourcesBuildPhase;
			buildActionMask = 2147483647;
			files = (
				96E1DC2A170CBD9000D9DA8F /* CheesyTests.m in Sources */,
			);
			runOnlyForDeploymentPostprocessing = 0;
		};
/* End PBXSourcesBuildPhase section */

/* Begin PBXTargetDependency section */
		96E1DC21170CBD9000D9DA8F /* PBXTargetDependency */ = {
			isa = PBXTargetDependency;
			target = 96E1DBEB170CBD8F00D9DA8F /* Cheesy */;
			targetProxy = 96E1DC20170CBD9000D9DA8F /* PBXContainerItemProxy */;
		};
/* End PBXTargetDependency section */

/* Begin PBXVariantGroup section */
		96E1DBFA170CBD8F00D9DA8F /* InfoPlist.strings */ = {
			isa = PBXVariantGroup;
			children = (
				96E1DBFB170CBD8F00D9DA8F /* en */,
			);
			name = InfoPlist.strings;
			sourceTree = "<group>";
		};
		96E1DC09170CBD9000D9DA8F /* MainStoryboard.storyboard */ = {
			isa = PBXVariantGroup;
			children = (
				96E1DC0A170CBD9000D9DA8F /* en */,
			);
			name = MainStoryboard.storyboard;
			sourceTree = "<group>";
		};
		96E1DC25170CBD9000D9DA8F /* InfoPlist.strings */ = {
			isa = PBXVariantGroup;
			children = (
				96E1DC26170CBD9000D9DA8F /* en */,
			);
			name = InfoPlist.strings;
			sourceTree = "<group>";
		};
/* End PBXVariantGroup section */

/* Begin XCBuildConfiguration section */
		96E1DC2B170CBD9000D9DA8F /* Debug */ = {
			isa = XCBuildConfiguration;
			buildSettings = {
				ALWAYS_SEARCH_USER_PATHS = NO;
				CLANG_CXX_LANGUAGE_STANDARD = "gnu++0x";
				CLANG_CXX_LIBRARY = "libc++";
				CLANG_ENABLE_OBJC_ARC = YES;
				CLANG_WARN_CONSTANT_CONVERSION = YES;
				CLANG_WARN_EMPTY_BODY = YES;
				CLANG_WARN_ENUM_CONVERSION = YES;
				CLANG_WARN_INT_CONVERSION = YES;
				CLANG_WARN__DUPLICATE_METHOD_MATCH = YES;
				"CODE_SIGN_IDENTITY[sdk=iphoneos*]" = "iPhone Developer";
				COPY_PHASE_STRIP = NO;
				GCC_C_LANGUAGE_STANDARD = gnu99;
				GCC_DYNAMIC_NO_PIC = NO;
				GCC_OPTIMIZATION_LEVEL = 0;
				GCC_PREPROCESSOR_DEFINITIONS = (
					"DEBUG=1",
					"$(inherited)",
				);
				GCC_SYMBOLS_PRIVATE_EXTERN = NO;
				GCC_WARN_ABOUT_RETURN_TYPE = YES;
				GCC_WARN_UNINITIALIZED_AUTOS = YES;
				GCC_WARN_UNUSED_VARIABLE = YES;
				IPHONEOS_DEPLOYMENT_TARGET = 6.1;
				ONLY_ACTIVE_ARCH = YES;
				SDKROOT = iphoneos;
			};
			name = Debug;
		};
		96E1DC2C170CBD9000D9DA8F /* Release */ = {
			isa = XCBuildConfiguration;
			buildSettings = {
				ALWAYS_SEARCH_USER_PATHS = NO;
				CLANG_CXX_LANGUAGE_STANDARD = "gnu++0x";
				CLANG_CXX_LIBRARY = "libc++";
				CLANG_ENABLE_OBJC_ARC = YES;
				CLANG_WARN_CONSTANT_CONVERSION = YES;
				CLANG_WARN_EMPTY_BODY = YES;
				CLANG_WARN_ENUM_CONVERSION = YES;
				CLANG_WARN_INT_CONVERSION = YES;
				CLANG_WARN__DUPLICATE_METHOD_MATCH = YES;
				"CODE_SIGN_IDENTITY[sdk=iphoneos*]" = "iPhone Developer";
				COPY_PHASE_STRIP = YES;
				GCC_C_LANGUAGE_STANDARD = gnu99;
				GCC_WARN_ABOUT_RETURN_TYPE = YES;
				GCC_WARN_UNINITIALIZED_AUTOS = YES;
				GCC_WARN_UNUSED_VARIABLE = YES;
				IPHONEOS_DEPLOYMENT_TARGET = 6.1;
				OTHER_CFLAGS = "-DNS_BLOCK_ASSERTIONS=1";
				SDKROOT = iphoneos;
				VALIDATE_PRODUCT = YES;
			};
			name = Release;
		};
		96E1DC2E170CBD9000D9DA8F /* Debug */ = {
			isa = XCBuildConfiguration;
			buildSettings = {
				CLANG_CXX_LIBRARY = "libc++";
				CODE_SIGN_IDENTITY = "iPhone Developer";
				"CODE_SIGN_IDENTITY[sdk=iphoneos*]" = "iPhone Developer";
				FRAMEWORK_SEARCH_PATHS = (
					"$(inherited)",
					"$(SRCROOT)/**",
					/Users/andyvitus/Projects/Cheesy,
					"$(PROJECT_DIR)",
				);
				"FRAMEWORK_SEARCH_PATHS[arch=*]" = "$(SRCROOT)/**";
				GCC_PRECOMPILE_PREFIX_HEADER = YES;
				GCC_PREFIX_HEADER = "Cheesy/Cheesy-Prefix.pch";
				HEADER_SEARCH_PATHS = "$(SRCROOT)/**";
				INFOPLIST_FILE = "Cheesy/Cheesy-Info.plist";
				LIBRARY_SEARCH_PATHS = (
					"$(inherited)",
					"\"$(SRCROOT)/CrittercismSDK\"",
					"$(PROJECT_DIR)/CrittercismSDK",
				);
				PRODUCT_NAME = "$(TARGET_NAME)";
				PROVISIONING_PROFILE = "";
				WRAPPER_EXTENSION = app;
			};
			name = Debug;
		};
		96E1DC2F170CBD9000D9DA8F /* Release */ = {
			isa = XCBuildConfiguration;
			buildSettings = {
				CLANG_CXX_LIBRARY = "libc++";
				CODE_SIGN_IDENTITY = "iPhone Developer";
				"CODE_SIGN_IDENTITY[sdk=iphoneos*]" = "iPhone Developer";
				FRAMEWORK_SEARCH_PATHS = (
					"$(inherited)/**",
					"$(SRCROOT)/**",
					"/Users/andyvitus/Projects/Cheesy/**",
					"$(PROJECT_DIR)/**",
					"$(PROJECT_DIR)",
				);
				"FRAMEWORK_SEARCH_PATHS[arch=*]" = "$(SRCROOT)/**";
				GCC_PRECOMPILE_PREFIX_HEADER = YES;
				GCC_PREFIX_HEADER = "Cheesy/Cheesy-Prefix.pch";
				HEADER_SEARCH_PATHS = "$(SRCROOT)/**";
				INFOPLIST_FILE = "Cheesy/Cheesy-Info.plist";
				LIBRARY_SEARCH_PATHS = (
					"$(inherited)",
					"\"$(SRCROOT)/CrittercismSDK\"",
					"$(PROJECT_DIR)/CrittercismSDK",
				);
				PRODUCT_NAME = "$(TARGET_NAME)";
				PROVISIONING_PROFILE = "";
				WRAPPER_EXTENSION = app;
			};
			name = Release;
		};
		96E1DC31170CBD9000D9DA8F /* Debug */ = {
			isa = XCBuildConfiguration;
			buildSettings = {
				BUNDLE_LOADER = "$(BUILT_PRODUCTS_DIR)/Cheesy.app/Cheesy";
				FRAMEWORK_SEARCH_PATHS = (
					"\"$(SDKROOT)/Developer/Library/Frameworks\"",
					"\"$(DEVELOPER_LIBRARY_DIR)/Frameworks\"",
				);
				GCC_PRECOMPILE_PREFIX_HEADER = YES;
				GCC_PREFIX_HEADER = "Cheesy/Cheesy-Prefix.pch";
				INFOPLIST_FILE = "CheesyTests/CheesyTests-Info.plist";
				PRODUCT_NAME = "$(TARGET_NAME)";
				TEST_HOST = "$(BUNDLE_LOADER)";
				WRAPPER_EXTENSION = octest;
			};
			name = Debug;
		};
		96E1DC32170CBD9000D9DA8F /* Release */ = {
			isa = XCBuildConfiguration;
			buildSettings = {
				BUNDLE_LOADER = "$(BUILT_PRODUCTS_DIR)/Cheesy.app/Cheesy";
				FRAMEWORK_SEARCH_PATHS = (
					"\"$(SDKROOT)/Developer/Library/Frameworks\"",
					"\"$(DEVELOPER_LIBRARY_DIR)/Frameworks\"",
				);
				GCC_PRECOMPILE_PREFIX_HEADER = YES;
				GCC_PREFIX_HEADER = "Cheesy/Cheesy-Prefix.pch";
				INFOPLIST_FILE = "CheesyTests/CheesyTests-Info.plist";
				PRODUCT_NAME = "$(TARGET_NAME)";
				TEST_HOST = "$(BUNDLE_LOADER)";
				WRAPPER_EXTENSION = octest;
			};
			name = Release;
		};
/* End XCBuildConfiguration section */

/* Begin XCConfigurationList section */
		96E1DBE7170CBD8F00D9DA8F /* Build configuration list for PBXProject "Cheesy" */ = {
			isa = XCConfigurationList;
			buildConfigurations = (
				96E1DC2B170CBD9000D9DA8F /* Debug */,
				96E1DC2C170CBD9000D9DA8F /* Release */,
			);
			defaultConfigurationIsVisible = 0;
			defaultConfigurationName = Release;
		};
		96E1DC2D170CBD9000D9DA8F /* Build configuration list for PBXNativeTarget "Cheesy" */ = {
			isa = XCConfigurationList;
			buildConfigurations = (
				96E1DC2E170CBD9000D9DA8F /* Debug */,
				96E1DC2F170CBD9000D9DA8F /* Release */,
			);
			defaultConfigurationIsVisible = 0;
			defaultConfigurationName = Release;
		};
		96E1DC30170CBD9000D9DA8F /* Build configuration list for PBXNativeTarget "CheesyTests" */ = {
			isa = XCConfigurationList;
			buildConfigurations = (
				96E1DC31170CBD9000D9DA8F /* Debug */,
				96E1DC32170CBD9000D9DA8F /* Release */,
			);
			defaultConfigurationIsVisible = 0;
			defaultConfigurationName = Release;
		};
/* End XCConfigurationList section */

/* Begin XCVersionGroup section */
		96E1DC0C170CBD9000D9DA8F /* Cheesy.xcdatamodeld */ = {
			isa = XCVersionGroup;
			children = (
				96E1DC0D170CBD9000D9DA8F /* Cheesy.xcdatamodel */,
			);
			currentVersion = 96E1DC0D170CBD9000D9DA8F /* Cheesy.xcdatamodel */;
			path = Cheesy.xcdatamodeld;
			sourceTree = "<group>";
			versionGroupType = wrapper.xcdatamodel;
		};
/* End XCVersionGroup section */
	};
	rootObject = 96E1DBE4170CBD8F00D9DA8F /* Project object */;
}
